Microsoft Visual Studio Solution File, Format Version 12.00
# Visual Studio Version 17
VisualStudioVersion = 17.5.2.0
MinimumVisualStudioVersion = 10.0.40219.1
Project("{FAE04EC0-301F-11D3-BF4B-00C04F79EFBC}") = "ShokoRelay", "ShokoRelay\ShokoRelay.csproj", "{9CD65ADD-B915-9A97-5C62-9E99DF2598F5}"
EndProject
Global
	GlobalSection(SolutionConfigurationPlatforms) = preSolution
		Debug|Any CPU = Debug|Any CPU
		Release|Any CPU = Release|Any CPU
	EndGlobalSection
	GlobalSection(ProjectConfigurationPlatforms) = postSolution
		{9CD65ADD-B915-9A97-5C62-9E99DF2598F5}.Debug|Any CPU.ActiveCfg = Debug|Any CPU
		{9CD65ADD-B915-9A97-5C62-9E99DF2598F5}.Debug|Any CPU.Build.0 = Debug|Any CPU
		{9CD65ADD-B915-9A97-5C62-9E99DF2598F5}.Release|Any CPU.ActiveCfg = Release|Any CPU
		{9CD65ADD-B915-9A97-5C62-9E99DF2598F5}.Release|Any CPU.Build.0 = Release|Any CPU
	EndGlobalSection
	GlobalSection(SolutionProperties) = preSolution
		HideSolutionNode = FALSE
	EndGlobalSection
	GlobalSection(ExtensibilityGlobals) = postSolution
		SolutionGuid = {852F56BC-B905-49E4-A969-2C7D5C66FFA0}
	EndGlobalSection
EndGlobal
